
Microsoft Visual Studio Solution File, Format Version 12.00
# Visual Studio Version 16
VisualStudioVersion = 16.0.32428.217
MinimumVisualStudioVersion = 10.0.40219.1
Project("{888888A0-9F3D-457C-B088-3A5042F75D52}") = "Minecraft-Overviewer", "Minecraft-Overviewer.pyproj", "{5D3E054E-05E3-498C-8F21-DAB9715DF9CA}"
EndProject
Global
	GlobalSection(SolutionConfigurationPlatforms) = preSolution
		Debug|Any CPU = Debug|Any CPU
		Release|Any CPU = Release|Any CPU
	EndGlobalSection
	GlobalSection(ProjectConfigurationPlatforms) = postSolution
		{5D3E054E-05E3-498C-8F21-DAB9715DF9CA}.Debug|Any CPU.ActiveCfg = Debug|Any CPU
		{5D3E054E-05E3-498C-8F21-DAB9715DF9CA}.Release|Any CPU.ActiveCfg = Release|Any CPU
	EndGlobalSection
	GlobalSection(SolutionProperties) = preSolution
		HideSolutionNode = FALSE
	EndGlobalSection
	GlobalSection(ExtensibilityGlobals) = postSolution
		SolutionGuid = {CCA71665-AAFF-41F7-B9EA-055DBBA070B5}
	EndGlobalSection
EndGlobal
